
Microsoft Visual Studio Solution File, Format Version 12.00
# Visual Studio Version 16
VisualStudioVersion = 16.0.34407.143
MinimumVisualStudioVersion = 10.0.40219.1
Project("{F184B08F-C81C-45F6-A57F-5ABD9991F28F}") = "Numero Secreto", "Numero Secreto.vbproj", "{6CC90932-F3A3-41D5-AC5A-BC4B55E22016}"
EndProject
Global
	GlobalSection(SolutionConfigurationPlatforms) = preSolution
		Debug|Any CPU = Debug|Any CPU
		Release|Any CPU = Release|Any CPU
	EndGlobalSection
	GlobalSection(ProjectConfigurationPlatforms) = postSolution
		{6CC90932-F3A3-41D5-AC5A-BC4B55E22016}.Debug|Any CPU.ActiveCfg = Debug|Any CPU
		{6CC90932-F3A3-41D5-AC5A-BC4B55E22016}.Debug|Any CPU.Build.0 = Debug|Any CPU
		{6CC90932-F3A3-41D5-AC5A-BC4B55E22016}.Release|Any CPU.ActiveCfg = Release|Any CPU
		{6CC90932-F3A3-41D5-AC5A-BC4B55E22016}.Release|Any CPU.Build.0 = Release|Any CPU
	EndGlobalSection
	GlobalSection(SolutionProperties) = preSolution
		HideSolutionNode = FALSE
	EndGlobalSection
	GlobalSection(ExtensibilityGlobals) = postSolution
		SolutionGuid = {FCAA28E2-1CF0-4C94-A815-02710AD5A536}
	EndGlobalSection
EndGlobal
